// !$*UTF8*$!
{
	archiveVersion = 1;
	classes = {
	};
	objectVersion = 51;
	objects = {

/* Begin PBXBuildFile section */
		7F64BCBCD926381047424F53 /* Pods_KmsVets.framework in Frameworks */ = {isa = PBXBuildFile; fileRef = 7866A6C187DDF1FC0829A583 /* Pods_KmsVets.framework */; };
		BF02B5342511E42A0076B05E /* SideMenu.storyboard in Resources */ = {isa = PBXBuildFile; fileRef = BF02B5332511E42A0076B05E /* SideMenu.storyboard */; };
		BF02B5372511E62C0076B05E /* SideMenuViewController.swift in Sources */ = {isa = PBXBuildFile; fileRef = BF02B5362511E62C0076B05E /* SideMenuViewController.swift */; };
		BF02B53A2511EF1A0076B05E /* BannerCollCell.swift in Sources */ = {isa = PBXBuildFile; fileRef = BF02B5382511EF1A0076B05E /* BannerCollCell.swift */; };
		BF02B53B2511EF1A0076B05E /* HomeCollCell.swift in Sources */ = {isa = PBXBuildFile; fileRef = BF02B5392511EF1A0076B05E /* HomeCollCell.swift */; };
		BF16BF7A251F513500D6BE6F /* ServiceListTableViewCell.swift in Sources */ = {isa = PBXBuildFile; fileRef = BF16BF79251F513500D6BE6F /* ServiceListTableViewCell.swift */; };
		BF17C21F25188F130000D5C3 /* BookingForSurgeryViewController.swift in Sources */ = {isa = PBXBuildFile; fileRef = BF17C21E25188F130000D5C3 /* BookingForSurgeryViewController.swift */; };
		BF17C2212518944E0000D5C3 /* BookinfForSurgeryTableViewCell.swift in Sources */ = {isa = PBXBuildFile; fileRef = BF17C2202518944E0000D5C3 /* BookinfForSurgeryTableViewCell.swift */; };
		BF1D97ED250F675A00446CA8 /* CustomerBasicInfoViewController.swift in Sources */ = {isa = PBXBuildFile; fileRef = BF1D97EC250F675A00446CA8 /* CustomerBasicInfoViewController.swift */; };
		BF1D97F0250F8BCA00446CA8 /* CustomerInformationCell.swift in Sources */ = {isa = PBXBuildFile; fileRef = BF1D97EF250F8BCA00446CA8 /* CustomerInformationCell.swift */; };
		BF1D97F3250F8D5900446CA8 /* Constant.swift in Sources */ = {isa = PBXBuildFile; fileRef = BF1D97F2250F8D5900446CA8 /* Constant.swift */; };
		BF1D97F7250F9EFA00446CA8 /* MyChartViewController.swift in Sources */ = {isa = PBXBuildFile; fileRef = BF1D97F6250F9EFA00446CA8 /* MyChartViewController.swift */; };
		BF27A1E5251337E500F4AA65 /* ProfileViewController.swift in Sources */ = {isa = PBXBuildFile; fileRef = BF27A1E4251337E500F4AA65 /* ProfileViewController.swift */; };
		BF2D279925259D2200A492FD /* ServiceOrderViewController.swift in Sources */ = {isa = PBXBuildFile; fileRef = BF2D279825259D2200A492FD /* ServiceOrderViewController.swift */; };
		BF2D279C2525A25800A492FD /* ServiceOrderModel.swift in Sources */ = {isa = PBXBuildFile; fileRef = BF2D279B2525A25800A492FD /* ServiceOrderModel.swift */; };
		BF2D279F2525A6BB00A492FD /* ServiceOrderDetailViewController.swift in Sources */ = {isa = PBXBuildFile; fileRef = BF2D279E2525A6BB00A492FD /* ServiceOrderDetailViewController.swift */; };
		BF2D27A22525B59A00A492FD /* OrderDetailViewController.swift in Sources */ = {isa = PBXBuildFile; fileRef = BF2D27A12525B59A00A492FD /* OrderDetailViewController.swift */; };
		BF2D27B72525F9FF00A492FD /* QuestionHistoryViewController.swift in Sources */ = {isa = PBXBuildFile; fileRef = BF2D27B62525F9FF00A492FD /* QuestionHistoryViewController.swift */; };
		BF2D594B252355C800AE0B2E /* ProductDetailViewController.swift in Sources */ = {isa = PBXBuildFile; fileRef = BF2D594A252355C800AE0B2E /* ProductDetailViewController.swift */; };
		BF2D594E25235FD900AE0B2E /* ProductDetailsModel.swift in Sources */ = {isa = PBXBuildFile; fileRef = BF2D594D25235FD900AE0B2E /* ProductDetailsModel.swift */; };
		BF2D595125237A3400AE0B2E /* OrderViewController.swift in Sources */ = {isa = PBXBuildFile; fileRef = BF2D595025237A3400AE0B2E /* OrderViewController.swift */; };
		BF2D59542523819200AE0B2E /* OrderModel.swift in Sources */ = {isa = PBXBuildFile; fileRef = BF2D59532523819200AE0B2E /* OrderModel.swift */; };
		BF2D8F7C251B8B3100641058 /* AboutUsViewController.swift in Sources */ = {isa = PBXBuildFile; fileRef = BF2D8F7B251B8B3100641058 /* AboutUsViewController.swift */; };
		BF2D8F7F251B9D9D00641058 /* SuggestionViewController.swift in Sources */ = {isa = PBXBuildFile; fileRef = BF2D8F7E251B9D9D00641058 /* SuggestionViewController.swift */; };
		BF2D8F82251B9DBB00641058 /* SuggestionTableViewCell.swift in Sources */ = {isa = PBXBuildFile; fileRef = BF2D8F81251B9DBB00641058 /* SuggestionTableViewCell.swift */; };
		BF2DE44B2526E72D00F807A9 /* appstore.png in Resources */ = {isa = PBXBuildFile; fileRef = BF2DE44A2526E72D00F807A9 /* appstore.png */; };
		BF2DE4552526F03600F807A9 /* ChatController.m in Sources */ = {isa = PBXBuildFile; fileRef = BF2DE4532526F03600F807A9 /* ChatController.m */; };
		BF2DE4562526F03600F807A9 /* JivoSdk.m in Sources */ = {isa = PBXBuildFile; fileRef = BF2DE4542526F03600F807A9 /* JivoSdk.m */; };
		BF2DE4652526F2AE00F807A9 /* Localizable.strings in Resources */ = {isa = PBXBuildFile; fileRef = BF2DE4612526F2AE00F807A9 /* Localizable.strings */; };
		BF2DE4662526F2AE00F807A9 /* InfoPlist.strings in Resources */ = {isa = PBXBuildFile; fileRef = BF2DE4632526F2AE00F807A9 /* InfoPlist.strings */; };
		BF2DE46D2526F2CE00F807A9 /* Localizable.strings in Resources */ = {isa = PBXBuildFile; fileRef = BF2DE4692526F2CE00F807A9 /* Localizable.strings */; };
		BF2DE46E2526F2CE00F807A9 /* InfoPlist.strings in Resources */ = {isa = PBXBuildFile; fileRef = BF2DE46B2526F2CE00F807A9 /* InfoPlist.strings */; };
		BF2DE48C2527062300F807A9 /* html in Resources */ = {isa = PBXBuildFile; fileRef = BF2DE48B2527062300F807A9 /* html */; };
		BF2E139425230634009DB671 /* empty_cart.png in Resources */ = {isa = PBXBuildFile; fileRef = BF2E139325230634009DB671 /* empty_cart.png */; };
		BF2E139A252308D2009DB671 /* no_data_found.png in Resources */ = {isa = PBXBuildFile; fileRef = BF2E1399252308D2009DB671 /* no_data_found.png */; };
		BF2E139D252310B6009DB671 /* SearchProductViewController.swift in Sources */ = {isa = PBXBuildFile; fileRef = BF2E139C252310B6009DB671 /* SearchProductViewController.swift */; };
		BF2EA0F2251F816900BAB963 /* Payment.storyboard in Resources */ = {isa = PBXBuildFile; fileRef = BF2EA0F1251F816900BAB963 /* Payment.storyboard */; };
		BF2EA0F5251F81E700BAB963 /* PaymentViewController.swift in Sources */ = {isa = PBXBuildFile; fileRef = BF2EA0F4251F81E700BAB963 /* PaymentViewController.swift */; };
		BF2EA0F8251FA8D900BAB963 /* TransactionSuccessViewController.swift in Sources */ = {isa = PBXBuildFile; fileRef = BF2EA0F7251FA8D900BAB963 /* TransactionSuccessViewController.swift */; };
		BF2EA12C251FB7A400BAB963 /* PayUServiceHelper.m in Sources */ = {isa = PBXBuildFile; fileRef = BF2EA12B251FB7A400BAB963 /* PayUServiceHelper.m */; };
		BF32E92F25147FA600E154D3 /* ProfileViewTableViewCell.swift in Sources */ = {isa = PBXBuildFile; fileRef = BF32E92E25147FA600E154D3 /* ProfileViewTableViewCell.swift */; };
		BF32E9512514B34200E154D3 /* BookingNewPuppyViewController.swift in Sources */ = {isa = PBXBuildFile; fileRef = BF32E9502514B34200E154D3 /* BookingNewPuppyViewController.swift */; };
		BF32E9532514B35A00E154D3 /* BookingNewPuppyTableViewCell.swift in Sources */ = {isa = PBXBuildFile; fileRef = BF32E9522514B35A00E154D3 /* BookingNewPuppyTableViewCell.swift */; };
		BF3319622568E0C100123E81 /* NewLoginViewController.swift in Sources */ = {isa = PBXBuildFile; fileRef = BF3319612568E0C100123E81 /* NewLoginViewController.swift */; };
		BF3319652568E50700123E81 /* ForgotPasswordViewController.swift in Sources */ = {isa = PBXBuildFile; fileRef = BF3319642568E50700123E81 /* ForgotPasswordViewController.swift */; };
		BF3319712568E91700123E81 /* ResetPasswordViewController.swift in Sources */ = {isa = PBXBuildFile; fileRef = BF3319702568E91700123E81 /* ResetPasswordViewController.swift */; };
		BF3319742568EB1F00123E81 /* RegisterViewController.swift in Sources */ = {isa = PBXBuildFile; fileRef = BF3319732568EB1F00123E81 /* RegisterViewController.swift */; };
		BF33197B2568EF7C00123E81 /* NewRegisterTableViewCell.swift in Sources */ = {isa = PBXBuildFile; fileRef = BF33197A2568EF7C00123E81 /* NewRegisterTableViewCell.swift */; };
		BF36194E2520B72F0013709C /* ServiceDetailViewController.swift in Sources */ = {isa = PBXBuildFile; fileRef = BF36194D2520B72F0013709C /* ServiceDetailViewController.swift */; };
		BF3619552520BCE90013709C /* ServiceDetailTableViewCell.swift in Sources */ = {isa = PBXBuildFile; fileRef = BF3619542520BCE90013709C /* ServiceDetailTableViewCell.swift */; };
		BF3619592520F5C80013709C /* ProductInfo.swift in Sources */ = {isa = PBXBuildFile; fileRef = BF3619582520F5C80013709C /* ProductInfo.swift */; };
		BF371E0725245A5500B6D018 /* BookServiceViewController.swift in Sources */ = {isa = PBXBuildFile; fileRef = BF371E0625245A5500B6D018 /* BookServiceViewController.swift */; };
		BF371E0A2524713600B6D018 /* BookServiceTableViewCell.swift in Sources */ = {isa = PBXBuildFile; fileRef = BF371E092524713600B6D018 /* BookServiceTableViewCell.swift */; };
		BF371E0D2524BAB800B6D018 /* ServicePlaceOrderViewController.swift in Sources */ = {isa = PBXBuildFile; fileRef = BF371E0C2524BAB800B6D018 /* ServicePlaceOrderViewController.swift */; };
		BF371E232524E95B00B6D018 /* MyCalenderViewController.swift in Sources */ = {isa = PBXBuildFile; fileRef = BF371E212524E95A00B6D018 /* MyCalenderViewController.swift */; };
		BF371E242524E95B00B6D018 /* MyCalenderViewController.xib in Resources */ = {isa = PBXBuildFile; fileRef = BF371E222524E95A00B6D018 /* MyCalenderViewController.xib */; };
		BF42BC8E2515D8730064F0C9 /* down-arrow.png in Resources */ = {isa = PBXBuildFile; fileRef = BF42BC8D2515D8730064F0C9 /* down-arrow.png */; };
		BF42BC902515E9430064F0C9 /* ServiceClient.swift in Sources */ = {isa = PBXBuildFile; fileRef = BF42BC8F2515E9430064F0C9 /* ServiceClient.swift */; };
		BF527170250E1F1900BD60D2 /* GetOTPViewController.swift in Sources */ = {isa = PBXBuildFile; fileRef = BF52716F250E1F1900BD60D2 /* GetOTPViewController.swift */; };
		BF527173250E39D900BD60D2 /* APIClient.swift in Sources */ = {isa = PBXBuildFile; fileRef = BF527172250E39D900BD60D2 /* APIClient.swift */; };
		BF5569192519C88000C3E4BA /* AppExtension.swift in Sources */ = {isa = PBXBuildFile; fileRef = BF5569182519C88000C3E4BA /* AppExtension.swift */; };
		BF556926251A08D600C3E4BA /* BookingSurgeryHistoryViewController.swift in Sources */ = {isa = PBXBuildFile; fileRef = BF556925251A08D600C3E4BA /* BookingSurgeryHistoryViewController.swift */; };
		BF556929251A08F700C3E4BA /* BookingSurgeryHistoryTableViewCell.swift in Sources */ = {isa = PBXBuildFile; fileRef = BF556928251A08F700C3E4BA /* BookingSurgeryHistoryTableViewCell.swift */; };
		BF556938251A28B500C3E4BA /* ContactUsViewController.swift in Sources */ = {isa = PBXBuildFile; fileRef = BF556937251A28B500C3E4BA /* ContactUsViewController.swift */; };
		BF6C4491251C813F00D85E58 /* FAQCell.swift in Sources */ = {isa = PBXBuildFile; fileRef = BF6C4490251C813F00D85E58 /* FAQCell.swift */; };
		BF6C4494251C819D00D85E58 /* FAQViewController.swift in Sources */ = {isa = PBXBuildFile; fileRef = BF6C4493251C819D00D85E58 /* FAQViewController.swift */; };
		BF6C4497251CBDC400D85E58 /* PrivacyPolicyViewController.swift in Sources */ = {isa = PBXBuildFile; fileRef = BF6C4496251CBDC400D85E58 /* PrivacyPolicyViewController.swift */; };
		BF6C449A251CBED900D85E58 /* PrivacyPolicyCell.swift in Sources */ = {isa = PBXBuildFile; fileRef = BF6C4499251CBED900D85E58 /* PrivacyPolicyCell.swift */; };
		BF6C449D251CC4A700D85E58 /* TermsAndConditionsViewController.swift in Sources */ = {isa = PBXBuildFile; fileRef = BF6C449C251CC4A700D85E58 /* TermsAndConditionsViewController.swift */; };
		BF6C44A0251CC5C400D85E58 /* TnCCell.swift in Sources */ = {isa = PBXBuildFile; fileRef = BF6C449F251CC5C400D85E58 /* TnCCell.swift */; };
		BF6C44A3251CCEAB00D85E58 /* CancellationAndRefundViewController.swift in Sources */ = {isa = PBXBuildFile; fileRef = BF6C44A2251CCEAB00D85E58 /* CancellationAndRefundViewController.swift */; };
		BF6C44A6251CCFAB00D85E58 /* CancellationCell.swift in Sources */ = {isa = PBXBuildFile; fileRef = BF6C44A5251CCFAB00D85E58 /* CancellationCell.swift */; };
		BF6C44AA251DC33700D85E58 /* AskingQuestionViewController.swift in Sources */ = {isa = PBXBuildFile; fileRef = BF6C44A9251DC33700D85E58 /* AskingQuestionViewController.swift */; };
		BF6C44AD251DCB3900D85E58 /* AskQuestionTableViewCell.swift in Sources */ = {isa = PBXBuildFile; fileRef = BF6C44AC251DCB3900D85E58 /* AskQuestionTableViewCell.swift */; };
		BF6C44B4251E367C00D85E58 /* ServicesListViewController.swift in Sources */ = {isa = PBXBuildFile; fileRef = BF6C44B3251E367C00D85E58 /* ServicesListViewController.swift */; };
		BF6C44DB251E491C00D85E58 /* ProductHome.storyboard in Resources */ = {isa = PBXBuildFile; fileRef = BF6C44DA251E491C00D85E58 /* ProductHome.storyboard */; };
		BF6C44DE251E4A3D00D85E58 /* ProductHomeViewController.swift in Sources */ = {isa = PBXBuildFile; fileRef = BF6C44DD251E4A3D00D85E58 /* ProductHomeViewController.swift */; };
		BF6C44E3251E4CD700D85E58 /* EmbedContainerViewController.swift in Sources */ = {isa = PBXBuildFile; fileRef = BF6C44E2251E4CD700D85E58 /* EmbedContainerViewController.swift */; };
		BF6C44E6251E4D2A00D85E58 /* ProdcutListViewController.swift in Sources */ = {isa = PBXBuildFile; fileRef = BF6C44E5251E4D2A00D85E58 /* ProdcutListViewController.swift */; };
		BF6C4506251E510200D85E58 /* ProductContainerViewController.swift in Sources */ = {isa = PBXBuildFile; fileRef = BF6C4505251E510200D85E58 /* ProductContainerViewController.swift */; };
		BF6C450A251E521400D85E58 /* SegmentioBuilder.swift in Sources */ = {isa = PBXBuildFile; fileRef = BF6C4509251E521400D85E58 /* SegmentioBuilder.swift */; };
		BF786711250CEF8900D8D17E /* LoginViewController.swift in Sources */ = {isa = PBXBuildFile; fileRef = BF786710250CEF8900D8D17E /* LoginViewController.swift */; };
		BF786713250CEFBE00D8D17E /* SplashViewController.swift in Sources */ = {isa = PBXBuildFile; fileRef = BF786712250CEFBE00D8D17E /* SplashViewController.swift */; };
		BF786716250CF6C100D8D17E /* medicine.jpeg in Resources */ = {isa = PBXBuildFile; fileRef = BF786715250CF6C100D8D17E /* medicine.jpeg */; };
		BF7C7DC8253F2467001B9D0F /* logo.png in Resources */ = {isa = PBXBuildFile; fileRef = BF7C7DC7253F2467001B9D0F /* logo.png */; };
		BF8D0D1F2514C05300373096 /* NewPuppyHistoryViewController.swift in Sources */ = {isa = PBXBuildFile; fileRef = BF8D0D1E2514C05300373096 /* NewPuppyHistoryViewController.swift */; };
		BF8D0D212514C16800373096 /* NewPuppyHistoryTableViewCell.swift in Sources */ = {isa = PBXBuildFile; fileRef = BF8D0D202514C16800373096 /* NewPuppyHistoryTableViewCell.swift */; };
		BFBA34EF250CE908004C37C2 /* AppDelegate.swift in Sources */ = {isa = PBXBuildFile; fileRef = BFBA34EE250CE908004C37C2 /* AppDelegate.swift */; };
		BFBA34F3250CE908004C37C2 /* BaseViewController.swift in Sources */ = {isa = PBXBuildFile; fileRef = BFBA34F2250CE908004C37C2 /* BaseViewController.swift */; };
		BFBA34F6250CE908004C37C2 /* Main.storyboard in Resources */ = {isa = PBXBuildFile; fileRef = BFBA34F4250CE908004C37C2 /* Main.storyboard */; };
		BFBA34F8250CE909004C37C2 /* Assets.xcassets in Resources */ = {isa = PBXBuildFile; fileRef = BFBA34F7250CE909004C37C2 /* Assets.xcassets */; };
		BFBA34FB250CE909004C37C2 /* LaunchScreen.storyboard in Resources */ = {isa = PBXBuildFile; fileRef = BFBA34F9250CE909004C37C2 /* LaunchScreen.storyboard */; };
		BFBA3505250CEC13004C37C2 /* HomeViewController.swift in Sources */ = {isa = PBXBuildFile; fileRef = BFBA3504250CEC13004C37C2 /* HomeViewController.swift */; };
		BFE67A6D2521A9740024FAA9 /* ProductCartViewController.swift in Sources */ = {isa = PBXBuildFile; fileRef = BFE67A6C2521A9740024FAA9 /* ProductCartViewController.swift */; };
		BFE67A702521AAF50024FAA9 /* CartModel.swift in Sources */ = {isa = PBXBuildFile; fileRef = BFE67A6F2521AAF50024FAA9 /* CartModel.swift */; };
		BFE67A732521B66D0024FAA9 /* ProductItemCell.swift in Sources */ = {isa = PBXBuildFile; fileRef = BFE67A722521B66D0024FAA9 /* ProductItemCell.swift */; };
		BFF3561325221F82003C9E07 /* CustomImageCollectionViewCell.swift in Sources */ = {isa = PBXBuildFile; fileRef = BFF3561125221F82003C9E07 /* CustomImageCollectionViewCell.swift */; };
		BFF3561425221F82003C9E07 /* BJAutoScrollingCollectionView.swift in Sources */ = {isa = PBXBuildFile; fileRef = BFF3561225221F82003C9E07 /* BJAutoScrollingCollectionView.swift */; };
		BFF3561725223EB6003C9E07 /* ConfirmAddressViewController.swift in Sources */ = {isa = PBXBuildFile; fileRef = BFF3561625223EB6003C9E07 /* ConfirmAddressViewController.swift */; };
		BFF3562C25224F0D003C9E07 /* PlaceOrderViewController.swift in Sources */ = {isa = PBXBuildFile; fileRef = BFF3562B25224F0D003C9E07 /* PlaceOrderViewController.swift */; };
/* End PBXBuildFile section */

/* Begin PBXFileReference section */
		20DCC6962A596A72E0E79C77 /* Pods-KmsVets.debug.xcconfig */ = {isa = PBXFileReference; includeInIndex = 1; lastKnownFileType = text.xcconfig; name = "Pods-KmsVets.debug.xcconfig"; path = "Target Support Files/Pods-KmsVets/Pods-KmsVets.debug.xcconfig"; sourceTree = "<group>"; };
		28FF4657877655ECD4FA515F /* Pods-KmsVets.release.xcconfig */ = {isa = PBXFileReference; includeInIndex = 1; lastKnownFileType = text.xcconfig; name = "Pods-KmsVets.release.xcconfig"; path = "Target Support Files/Pods-KmsVets/Pods-KmsVets.release.xcconfig"; sourceTree = "<group>"; };
		7866A6C187DDF1FC0829A583 /* Pods_KmsVets.framework */ = {isa = PBXFileReference; explicitFileType = wrapper.framework; includeInIndex = 0; path = Pods_KmsVets.framework; sourceTree = BUILT_PRODUCTS_DIR; };
		BF02B5332511E42A0076B05E /* SideMenu.storyboard */ = {isa = PBXFileReference; lastKnownFileType = file.storyboard; path = SideMenu.storyboard; sourceTree = "<group>"; };
		BF02B5362511E62C0076B05E /* SideMenuViewController.swift */ = {isa = PBXFileReference; fileEncoding = 4; lastKnownFileType = sourcecode.swift; path = SideMenuViewController.swift; sourceTree = "<group>"; };
		BF02B5382511EF1A0076B05E /* BannerCollCell.swift */ = {isa = PBXFileReference; fileEncoding = 4; lastKnownFileType = sourcecode.swift; path = BannerCollCell.swift; sourceTree = "<group>"; };
		BF02B5392511EF1A0076B05E /* HomeCollCell.swift */ = {isa = PBXFileReference; fileEncoding = 4; lastKnownFileType = sourcecode.swift; path = HomeCollCell.swift; sourceTree = "<group>"; };
		BF16BF79251F513500D6BE6F /* ServiceListTableViewCell.swift */ = {isa = PBXFileReference; lastKnownFileType = sourcecode.swift; path = ServiceListTableViewCell.swift; sourceTree = "<group>"; };
		BF17C21E25188F130000D5C3 /* BookingForSurgeryViewController.swift */ = {isa = PBXFileReference; lastKnownFileType = sourcecode.swift; path = BookingForSurgeryViewController.swift; sourceTree = "<group>"; };
		BF17C2202518944E0000D5C3 /* BookinfForSurgeryTableViewCell.swift */ = {isa = PBXFileReference; lastKnownFileType = sourcecode.swift; path = BookinfForSurgeryTableViewCell.swift; sourceTree = "<group>"; };
		BF1D97EC250F675A00446CA8 /* CustomerBasicInfoViewController.swift */ = {isa = PBXFileReference; lastKnownFileType = sourcecode.swift; path = CustomerBasicInfoViewController.swift; sourceTree = "<group>"; };
		BF1D97EF250F8BCA00446CA8 /* CustomerInformationCell.swift */ = {isa = PBXFileReference; lastKnownFileType = sourcecode.swift; path = CustomerInformationCell.swift; sourceTree = "<group>"; };
		BF1D97F2250F8D5900446CA8 /* Constant.swift */ = {isa = PBXFileReference; lastKnownFileType = sourcecode.swift; path = Constant.swift; sourceTree = "<group>"; };
		BF1D97F6250F9EFA00446CA8 /* MyChartViewController.swift */ = {isa = PBXFileReference; lastKnownFileType = sourcecode.swift; path = MyChartViewController.swift; sourceTree = "<group>"; };
		BF27A1E4251337E500F4AA65 /* ProfileViewController.swift */ = {isa = PBXFileReference; lastKnownFileType = sourcecode.swift; path = ProfileViewController.swift; sourceTree = "<group>"; };
		BF2D279825259D2200A492FD /* ServiceOrderViewController.swift */ = {isa = PBXFileReference; lastKnownFileType = sourcecode.swift; path = ServiceOrderViewController.swift; sourceTree = "<group>"; };
		BF2D279B2525A25800A492FD /* ServiceOrderModel.swift */ = {isa = PBXFileReference; lastKnownFileType = sourcecode.swift; path = ServiceOrderModel.swift; sourceTree = "<group>"; };
		BF2D279E2525A6BB00A492FD /* ServiceOrderDetailViewController.swift */ = {isa = PBXFileReference; lastKnownFileType = sourcecode.swift; path = ServiceOrderDetailViewController.swift; sourceTree = "<group>"; };
		BF2D27A12525B59A00A492FD /* OrderDetailViewController.swift */ = {isa = PBXFileReference; lastKnownFileType = sourcecode.swift; path = OrderDetailViewController.swift; sourceTree = "<group>"; };
		BF2D27B62525F9FF00A492FD /* QuestionHistoryViewController.swift */ = {isa = PBXFileReference; lastKnownFileType = sourcecode.swift; path = QuestionHistoryViewController.swift; sourceTree = "<group>"; };
		BF2D594A252355C800AE0B2E /* ProductDetailViewController.swift */ = {isa = PBXFileReference; lastKnownFileType = sourcecode.swift; path = ProductDetailViewController.swift; sourceTree = "<group>"; };
		BF2D594D25235FD900AE0B2E /* ProductDetailsModel.swift */ = {isa = PBXFileReference; lastKnownFileType = sourcecode.swift; path = ProductDetailsModel.swift; sourceTree = "<group>"; };
		BF2D595025237A3400AE0B2E /* OrderViewController.swift */ = {isa = PBXFileReference; lastKnownFileType = sourcecode.swift; path = OrderViewController.swift; sourceTree = "<group>"; };
		BF2D59532523819200AE0B2E /* OrderModel.swift */ = {isa = PBXFileReference; lastKnownFileType = sourcecode.swift; path = OrderModel.swift; sourceTree = "<group>"; };
		BF2D8F7B251B8B3100641058 /* AboutUsViewController.swift */ = {isa = PBXFileReference; lastKnownFileType = sourcecode.swift; path = AboutUsViewController.swift; sourceTree = "<group>"; };
		BF2D8F7E251B9D9D00641058 /* SuggestionViewController.swift */ = {isa = PBXFileReference; lastKnownFileType = sourcecode.swift; path = SuggestionViewController.swift; sourceTree = "<group>"; };
		BF2D8F81251B9DBB00641058 /* SuggestionTableViewCell.swift */ = {isa = PBXFileReference; lastKnownFileType = sourcecode.swift; path = SuggestionTableViewCell.swift; sourceTree = "<group>"; };
		BF2DE44A2526E72D00F807A9 /* appstore.png */ = {isa = PBXFileReference; lastKnownFileType = image.png; path = appstore.png; sourceTree = "<group>"; };
		BF2DE4512526F03600F807A9 /* ChatController.h */ = {isa = PBXFileReference; fileEncoding = 4; lastKnownFileType = sourcecode.c.h; path = ChatController.h; sourceTree = "<group>"; };
		BF2DE4522526F03600F807A9 /* JivoSdk.h */ = {isa = PBXFileReference; fileEncoding = 4; lastKnownFileType = sourcecode.c.h; path = JivoSdk.h; sourceTree = "<group>"; };
		BF2DE4532526F03600F807A9 /* ChatController.m */ = {isa = PBXFileReference; fileEncoding = 4; lastKnownFileType = sourcecode.c.objc; path = ChatController.m; sourceTree = "<group>"; };
		BF2DE4542526F03600F807A9 /* JivoSdk.m */ = {isa = PBXFileReference; fileEncoding = 4; lastKnownFileType = sourcecode.c.objc; path = JivoSdk.m; sourceTree = "<group>"; };
		BF2DE4622526F2AE00F807A9 /* en */ = {isa = PBXFileReference; lastKnownFileType = text.plist.strings; name = en; path = Localizable.strings; sourceTree = "<group>"; };
		BF2DE4642526F2AE00F807A9 /* en */ = {isa = PBXFileReference; lastKnownFileType = text.plist.strings; name = en; path = InfoPlist.strings; sourceTree = "<group>"; };
		BF2DE46A2526F2CE00F807A9 /* ru */ = {isa = PBXFileReference; lastKnownFileType = text.plist.strings; name = ru; path = Localizable.strings; sourceTree = "<group>"; };
		BF2DE46C2526F2CE00F807A9 /* ru */ = {isa = PBXFileReference; lastKnownFileType = text.plist.strings; name = ru; path = InfoPlist.strings; sourceTree = "<group>"; };
		BF2DE48B2527062300F807A9 /* html */ = {isa = PBXFileReference; lastKnownFileType = folder; path = html; sourceTree = "<group>"; };
		BF2E139325230634009DB671 /* empty_cart.png */ = {isa = PBXFileReference; lastKnownFileType = image.png; path = empty_cart.png; sourceTree = "<group>"; };
		BF2E1399252308D2009DB671 /* no_data_found.png */ = {isa = PBXFileReference; lastKnownFileType = image.png; path = no_data_found.png; sourceTree = "<group>"; };
		BF2E139C252310B6009DB671 /* SearchProductViewController.swift */ = {isa = PBXFileReference; lastKnownFileType = sourcecode.swift; path = SearchProductViewController.swift; sourceTree = "<group>"; };
		BF2EA0F1251F816900BAB963 /* Payment.storyboard */ = {isa = PBXFileReference; lastKnownFileType = file.storyboard; path = Payment.storyboard; sourceTree = "<group>"; };
		BF2EA0F4251F81E700BAB963 /* PaymentViewController.swift */ = {isa = PBXFileReference; lastKnownFileType = sourcecode.swift; path = PaymentViewController.swift; sourceTree = "<group>"; };
		BF2EA0F7251FA8D900BAB963 /* TransactionSuccessViewController.swift */ = {isa = PBXFileReference; lastKnownFileType = sourcecode.swift; path = TransactionSuccessViewController.swift; sourceTree = "<group>"; };
		BF2EA129251FB7A100BAB963 /* KmsVets-Bridging-Header.h */ = {isa = PBXFileReference; lastKnownFileType = sourcecode.c.h; path = "KmsVets-Bridging-Header.h"; sourceTree = "<group>"; };
		BF2EA12A251FB7A300BAB963 /* PayUServiceHelper.h */ = {isa = PBXFileReference; fileEncoding = 4; lastKnownFileType = sourcecode.c.h; path = PayUServiceHelper.h; sourceTree = "<group>"; };
		BF2EA12B251FB7A400BAB963 /* PayUServiceHelper.m */ = {isa = PBXFileReference; fileEncoding = 4; lastKnownFileType = sourcecode.c.objc; path = PayUServiceHelper.m; sourceTree = "<group>"; };
		BF32E92E25147FA600E154D3 /* ProfileViewTableViewCell.swift */ = {isa = PBXFileReference; lastKnownFileType = sourcecode.swift; path = ProfileViewTableViewCell.swift; sourceTree = "<group>"; };
		BF32E9502514B34200E154D3 /* BookingNewPuppyViewController.swift */ = {isa = PBXFileReference; lastKnownFileType = sourcecode.swift; path = BookingNewPuppyViewController.swift; sourceTree = "<group>"; };
		BF32E9522514B35A00E154D3 /* BookingNewPuppyTableViewCell.swift */ = {isa = PBXFileReference; lastKnownFileType = sourcecode.swift; path = BookingNewPuppyTableViewCell.swift; sourceTree = "<group>"; };
		BF3319612568E0C100123E81 /* NewLoginViewController.swift */ = {isa = PBXFileReference; lastKnownFileType = sourcecode.swift; path = NewLoginViewController.swift; sourceTree = "<group>"; };
		BF3319642568E50700123E81 /* ForgotPasswordViewController.swift */ = {isa = PBXFileReference; lastKnownFileType = sourcecode.swift; path = ForgotPasswordViewController.swift; sourceTree = "<group>"; };
		BF3319702568E91700123E81 /* ResetPasswordViewController.swift */ = {isa = PBXFileReference; lastKnownFileType = sourcecode.swift; path = ResetPasswordViewController.swift; sourceTree = "<group>"; };
		BF3319732568EB1F00123E81 /* RegisterViewController.swift */ = {isa = PBXFileReference; lastKnownFileType = sourcecode.swift; path = RegisterViewController.swift; sourceTree = "<group>"; };
		BF33197A2568EF7C00123E81 /* NewRegisterTableViewCell.swift */ = {isa = PBXFileReference; lastKnownFileType = sourcecode.swift; path = NewRegisterTableViewCell.swift; sourceTree = "<group>"; };
		BF36194D2520B72F0013709C /* ServiceDetailViewController.swift */ = {isa = PBXFileReference; lastKnownFileType = sourcecode.swift; path = ServiceDetailViewController.swift; sourceTree = "<group>"; };
		BF3619542520BCE90013709C /* ServiceDetailTableViewCell.swift */ = {isa = PBXFileReference; lastKnownFileType = sourcecode.swift; path = ServiceDetailTableViewCell.swift; sourceTree = "<group>"; };
		BF3619582520F5C80013709C /* ProductInfo.swift */ = {isa = PBXFileReference; lastKnownFileType = sourcecode.swift; path = ProductInfo.swift; sourceTree = "<group>"; };
		BF371E0625245A5500B6D018 /* BookServiceViewController.swift */ = {isa = PBXFileReference; lastKnownFileType = sourcecode.swift; path = BookServiceViewController.swift; sourceTree = "<group>"; };
		BF371E092524713600B6D018 /* BookServiceTableViewCell.swift */ = {isa = PBXFileReference; lastKnownFileType = sourcecode.swift; path = BookServiceTableViewCell.swift; sourceTree = "<group>"; };
		BF371E0C2524BAB800B6D018 /* ServicePlaceOrderViewController.swift */ = {isa = PBXFileReference; lastKnownFileType = sourcecode.swift; path = ServicePlaceOrderViewController.swift; sourceTree = "<group>"; };
		BF371E212524E95A00B6D018 /* MyCalenderViewController.swift */ = {isa = PBXFileReference; lastKnownFileType = sourcecode.swift; path = MyCalenderViewController.swift; sourceTree = "<group>"; };
		BF371E222524E95A00B6D018 /* MyCalenderViewController.xib */ = {isa = PBXFileReference; lastKnownFileType = file.xib; path = MyCalenderViewController.xib; sourceTree = "<group>"; };
		BF42BC8D2515D8730064F0C9 /* down-arrow.png */ = {isa = PBXFileReference; lastKnownFileType = image.png; path = "down-arrow.png"; sourceTree = "<group>"; };
		BF42BC8F2515E9430064F0C9 /* ServiceClient.swift */ = {isa = PBXFileReference; lastKnownFileType = sourcecode.swift; path = ServiceClient.swift; sourceTree = "<group>"; };
		BF52716F250E1F1900BD60D2 /* GetOTPViewController.swift */ = {isa = PBXFileReference; lastKnownFileType = sourcecode.swift; path = GetOTPViewController.swift; sourceTree = "<group>"; };
		BF527172250E39D900BD60D2 /* APIClient.swift */ = {isa = PBXFileReference; lastKnownFileType = sourcecode.swift; path = APIClient.swift; sourceTree = "<group>"; };
		BF5569182519C88000C3E4BA /* AppExtension.swift */ = {isa = PBXFileReference; lastKnownFileType = sourcecode.swift; path = AppExtension.swift; sourceTree = "<group>"; };
		BF556925251A08D600C3E4BA /* BookingSurgeryHistoryViewController.swift */ = {isa = PBXFileReference; lastKnownFileType = sourcecode.swift; path = BookingSurgeryHistoryViewController.swift; sourceTree = "<group>"; };
		BF556928251A08F700C3E4BA /* BookingSurgeryHistoryTableViewCell.swift */ = {isa = PBXFileReference; lastKnownFileType = sourcecode.swift; path = BookingSurgeryHistoryTableViewCell.swift; sourceTree = "<group>"; };
		BF556937251A28B500C3E4BA /* ContactUsViewController.swift */ = {isa = PBXFileReference; lastKnownFileType = sourcecode.swift; path = ContactUsViewController.swift; sourceTree = "<group>"; };
		BF6C4490251C813F00D85E58 /* FAQCell.swift */ = {isa = PBXFileReference; lastKnownFileType = sourcecode.swift; path = FAQCell.swift; sourceTree = "<group>"; };
		BF6C4493251C819D00D85E58 /* FAQViewController.swift */ = {isa = PBXFileReference; lastKnownFileType = sourcecode.swift; path = FAQViewController.swift; sourceTree = "<group>"; };
		BF6C4496251CBDC400D85E58 /* PrivacyPolicyViewController.swift */ = {isa = PBXFileReference; lastKnownFileType = sourcecode.swift; path = PrivacyPolicyViewController.swift; sourceTree = "<group>"; };
		BF6C4499251CBED900D85E58 /* PrivacyPolicyCell.swift */ = {isa = PBXFileReference; lastKnownFileType = sourcecode.swift; path = PrivacyPolicyCell.swift; sourceTree = "<group>"; };
		BF6C449C251CC4A700D85E58 /* TermsAndConditionsViewController.swift */ = {isa = PBXFileReference; lastKnownFileType = sourcecode.swift; path = TermsAndConditionsViewController.swift; sourceTree = "<group>"; };
		BF6C449F251CC5C400D85E58 /* TnCCell.swift */ = {isa = PBXFileReference; lastKnownFileType = sourcecode.swift; path = TnCCell.swift; sourceTree = "<group>"; };
		BF6C44A2251CCEAB00D85E58 /* CancellationAndRefundViewController.swift */ = {isa = PBXFileReference; lastKnownFileType = sourcecode.swift; path = CancellationAndRefundViewController.swift; sourceTree = "<group>"; };
		BF6C44A5251CCFAB00D85E58 /* CancellationCell.swift */ = {isa = PBXFileReference; lastKnownFileType = sourcecode.swift; path = CancellationCell.swift; sourceTree = "<group>"; };
		BF6C44A9251DC33700D85E58 /* AskingQuestionViewController.swift */ = {isa = PBXFileReference; lastKnownFileType = sourcecode.swift; path = AskingQuestionViewController.swift; sourceTree = "<group>"; };
		BF6C44AC251DCB3900D85E58 /* AskQuestionTableViewCell.swift */ = {isa = PBXFileReference; lastKnownFileType = sourcecode.swift; path = AskQuestionTableViewCell.swift; sourceTree = "<group>"; };
		BF6C44B3251E367C00D85E58 /* ServicesListViewController.swift */ = {isa = PBXFileReference; lastKnownFileType = sourcecode.swift; path = ServicesListViewController.swift; sourceTree = "<group>"; };
		BF6C44DA251E491C00D85E58 /* ProductHome.storyboard */ = {isa = PBXFileReference; lastKnownFileType = file.storyboard; path = ProductHome.storyboard; sourceTree = "<group>"; };
		BF6C44DD251E4A3D00D85E58 /* ProductHomeViewController.swift */ = {isa = PBXFileReference; lastKnownFileType = sourcecode.swift; path = ProductHomeViewController.swift; sourceTree = "<group>"; };
		BF6C44E2251E4CD700D85E58 /* EmbedContainerViewController.swift */ = {isa = PBXFileReference; lastKnownFileType = sourcecode.swift; path = EmbedContainerViewController.swift; sourceTree = "<group>"; };
		BF6C44E5251E4D2A00D85E58 /* ProdcutListViewController.swift */ = {isa = PBXFileReference; lastKnownFileType = sourcecode.swift; path = ProdcutListViewController.swift; sourceTree = "<group>"; };
		BF6C4505251E510200D85E58 /* ProductContainerViewController.swift */ = {isa = PBXFileReference; lastKnownFileType = sourcecode.swift; path = ProductContainerViewController.swift; sourceTree = "<group>"; };
		BF6C4509251E521400D85E58 /* SegmentioBuilder.swift */ = {isa = PBXFileReference; lastKnownFileType = sourcecode.swift; path = SegmentioBuilder.swift; sourceTree = "<group>"; };
		BF786710250CEF8900D8D17E /* LoginViewController.swift */ = {isa = PBXFileReference; lastKnownFileType = sourcecode.swift; path = LoginViewController.swift; sourceTree = "<group>"; };
		BF786712250CEFBE00D8D17E /* SplashViewController.swift */ = {isa = PBXFileReference; lastKnownFileType = sourcecode.swift; path = SplashViewController.swift; sourceTree = "<group>"; };
		BF786715250CF6C100D8D17E /* medicine.jpeg */ = {isa = PBXFileReference; lastKnownFileType = image.jpeg; path = medicine.jpeg; sourceTree = "<group>"; };
		BF7C7DC7253F2467001B9D0F /* logo.png */ = {isa = PBXFileReference; lastKnownFileType = image.png; path = logo.png; sourceTree = "<group>"; };
		BF8D0D1E2514C05300373096 /* NewPuppyHistoryViewController.swift */ = {isa = PBXFileReference; lastKnownFileType = sourcecode.swift; path = NewPuppyHistoryViewController.swift; sourceTree = "<group>"; };
		BF8D0D202514C16800373096 /* NewPuppyHistoryTableViewCell.swift */ = {isa = PBXFileReference; lastKnownFileType = sourcecode.swift; path = NewPuppyHistoryTableViewCell.swift; sourceTree = "<group>"; };
		BFBA34EB250CE907004C37C2 /* KMS Vets.app */ = {isa = PBXFileReference; explicitFileType = wrapper.application; includeInIndex = 0; path = "KMS Vets.app"; sourceTree = BUILT_PRODUCTS_DIR; };
		BFBA34EE250CE908004C37C2 /* AppDelegate.swift */ = {isa = PBXFileReference; lastKnownFileType = sourcecode.swift; path = AppDelegate.swift; sourceTree = "<group>"; };
		BFBA34F2250CE908004C37C2 /* BaseViewController.swift */ = {isa = PBXFileReference; lastKnownFileType = sourcecode.swift; path = BaseViewController.swift; sourceTree = "<group>"; };
		BFBA34F5250CE908004C37C2 /* Base */ = {isa = PBXFileReference; lastKnownFileType = file.storyboard; name = Base; path = Base.lproj/Main.storyboard; sourceTree = "<group>"; };
		BFBA34F7250CE909004C37C2 /* Assets.xcassets */ = {isa = PBXFileReference; lastKnownFileType = folder.assetcatalog; path = Assets.xcassets; sourceTree = "<group>"; };
		BFBA34FA250CE909004C37C2 /* Base */ = {isa = PBXFileReference; lastKnownFileType = file.storyboard; name = Base; path = Base.lproj/LaunchScreen.storyboard; sourceTree = "<group>"; };
		BFBA34FC250CE909004C37C2 /* Info.plist */ = {isa = PBXFileReference; lastKnownFileType = text.plist.xml; path = Info.plist; sourceTree = "<group>"; };
		BFBA3504250CEC13004C37C2 /* HomeViewController.swift */ = {isa = PBXFileReference; lastKnownFileType = sourcecode.swift; path = HomeViewController.swift; sourceTree = "<group>"; };
		BFE67A6C2521A9740024FAA9 /* ProductCartViewController.swift */ = {isa = PBXFileReference; lastKnownFileType = sourcecode.swift; path = ProductCartViewController.swift; sourceTree = "<group>"; };
		BFE67A6F2521AAF50024FAA9 /* CartModel.swift */ = {isa = PBXFileReference; lastKnownFileType = sourcecode.swift; path = CartModel.swift; sourceTree = "<group>"; };
		BFE67A722521B66D0024FAA9 /* ProductItemCell.swift */ = {isa = PBXFileReference; lastKnownFileType = sourcecode.swift; path = ProductItemCell.swift; sourceTree = "<group>"; };
		BFF3561125221F82003C9E07 /* CustomImageCollectionViewCell.swift */ = {isa = PBXFileReference; fileEncoding = 4; lastKnownFileType = sourcecode.swift; path = CustomImageCollectionViewCell.swift; sourceTree = "<group>"; };
		BFF3561225221F82003C9E07 /* BJAutoScrollingCollectionView.swift */ = {isa = PBXFileReference; fileEncoding = 4; lastKnownFileType = sourcecode.swift; path = BJAutoScrollingCollectionView.swift; sourceTree = "<group>"; };
		BFF3561625223EB6003C9E07 /* ConfirmAddressViewController.swift */ = {isa = PBXFileReference; lastKnownFileType = sourcecode.swift; path = ConfirmAddressViewController.swift; sourceTree = "<group>"; };
		BFF3562B25224F0D003C9E07 /* PlaceOrderViewController.swift */ = {isa = PBXFileReference; lastKnownFileType = sourcecode.swift; path = PlaceOrderViewController.swift; sourceTree = "<group>"; };
/* End PBXFileReference section */

/* Begin PBXFrameworksBuildPhase section */
		BFBA34E8250CE907004C37C2 /* Frameworks */ = {
			isa = PBXFrameworksBuildPhase;
			buildActionMask = 2147483647;
			files = (
				7F64BCBCD926381047424F53 /* Pods_KmsVets.framework in Frameworks */,
			);
			runOnlyForDeploymentPostprocessing = 0;
		};
/* End PBXFrameworksBuildPhase section */

/* Begin PBXGroup section */
		01936EFF2E560045EC58F1CC /* Frameworks */ = {
			isa = PBXGroup;
			children = (
				7866A6C187DDF1FC0829A583 /* Pods_KmsVets.framework */,
			);
			name = Frameworks;
			sourceTree = "<group>";
		};
		64F66F173EDD724A750FEEE1 /* Pods */ = {
			isa = PBXGroup;
			children = (
				20DCC6962A596A72E0E79C77 /* Pods-KmsVets.debug.xcconfig */,
				28FF4657877655ECD4FA515F /* Pods-KmsVets.release.xcconfig */,
			);
			path = Pods;
			sourceTree = "<group>";
		};
		BF02B5352511E61E0076B05E /* SideMenu */ = {
			isa = PBXGroup;
			children = (
				BF02B5332511E42A0076B05E /* SideMenu.storyboard */,
				BFBA3504250CEC13004C37C2 /* HomeViewController.swift */,
				BF02B5362511E62C0076B05E /* SideMenuViewController.swift */,
			);
			path = SideMenu;
			sourceTree = "<group>";
		};
		BF16BF8D251F66EB00D6BE6F /* ViewController */ = {
			isa = PBXGroup;
			children = (
				BFBA34F2250CE908004C37C2 /* BaseViewController.swift */,
				BF786710250CEF8900D8D17E /* LoginViewController.swift */,
				BF786712250CEFBE00D8D17E /* SplashViewController.swift */,
				BF52716F250E1F1900BD60D2 /* GetOTPViewController.swift */,
				BF1D97EC250F675A00446CA8 /* CustomerBasicInfoViewController.swift */,
				BF1D97F6250F9EFA00446CA8 /* MyChartViewController.swift */,
				BF27A1E4251337E500F4AA65 /* ProfileViewController.swift */,
				BF17C21E25188F130000D5C3 /* BookingForSurgeryViewController.swift */,
				BF32E9502514B34200E154D3 /* BookingNewPuppyViewController.swift */,
				BF8D0D1E2514C05300373096 /* NewPuppyHistoryViewController.swift */,
				BF556925251A08D600C3E4BA /* BookingSurgeryHistoryViewController.swift */,
				BF556937251A28B500C3E4BA /* ContactUsViewController.swift */,
				BF2D8F7B251B8B3100641058 /* AboutUsViewController.swift */,
				BF2D8F7E251B9D9D00641058 /* SuggestionViewController.swift */,
				BF6C4493251C819D00D85E58 /* FAQViewController.swift */,
				BF6C4496251CBDC400D85E58 /* PrivacyPolicyViewController.swift */,
				BF6C449C251CC4A700D85E58 /* TermsAndConditionsViewController.swift */,
				BF6C44A2251CCEAB00D85E58 /* CancellationAndRefundViewController.swift */,
				BF6C44A9251DC33700D85E58 /* AskingQuestionViewController.swift */,
				BF6C44B3251E367C00D85E58 /* ServicesListViewController.swift */,
				BF36194D2520B72F0013709C /* ServiceDetailViewController.swift */,
				BF2D595025237A3400AE0B2E /* OrderViewController.swift */,
				BF371E0625245A5500B6D018 /* BookServiceViewController.swift */,
				BF371E0C2524BAB800B6D018 /* ServicePlaceOrderViewController.swift */,
				BF2D279825259D2200A492FD /* ServiceOrderViewController.swift */,
				BF2D279E2525A6BB00A492FD /* ServiceOrderDetailViewController.swift */,
				BF2D27A12525B59A00A492FD /* OrderDetailViewController.swift */,
				BF2D27B62525F9FF00A492FD /* QuestionHistoryViewController.swift */,
				BF3319612568E0C100123E81 /* NewLoginViewController.swift */,
				BF3319642568E50700123E81 /* ForgotPasswordViewController.swift */,
				BF3319702568E91700123E81 /* ResetPasswordViewController.swift */,
				BF3319732568EB1F00123E81 /* RegisterViewController.swift */,
			);
			path = ViewController;
			sourceTree = "<group>";
		};
		BF16BF8F251F673300D6BE6F /* PAYU */ = {
			isa = PBXGroup;
			children = (
				BF2EA12A251FB7A300BAB963 /* PayUServiceHelper.h */,
				BF2EA12B251FB7A400BAB963 /* PayUServiceHelper.m */,
				BF2EA0F1251F816900BAB963 /* Payment.storyboard */,
				BF2EA0F4251F81E700BAB963 /* PaymentViewController.swift */,
				BF2EA0F7251FA8D900BAB963 /* TransactionSuccessViewController.swift */,
				BF2EA129251FB7A100BAB963 /* KmsVets-Bridging-Header.h */,
			);
			path = PAYU;
			sourceTree = "<group>";
		};
		BF1D97EE250F8BA200446CA8 /* CELL */ = {
			isa = PBXGroup;
			children = (
				BF02B5382511EF1A0076B05E /* BannerCollCell.swift */,
				BF02B5392511EF1A0076B05E /* HomeCollCell.swift */,
				BF1D97EF250F8BCA00446CA8 /* CustomerInformationCell.swift */,
				BF32E92E25147FA600E154D3 /* ProfileViewTableViewCell.swift */,
				BF32E9522514B35A00E154D3 /* BookingNewPuppyTableViewCell.swift */,
				BF8D0D202514C16800373096 /* NewPuppyHistoryTableViewCell.swift */,
				BF17C2202518944E0000D5C3 /* BookinfForSurgeryTableViewCell.swift */,
				BF556928251A08F700C3E4BA /* BookingSurgeryHistoryTableViewCell.swift */,
				BF2D8F81251B9DBB00641058 /* SuggestionTableViewCell.swift */,
				BF6C4490251C813F00D85E58 /* FAQCell.swift */,
				BF6C4499251CBED900D85E58 /* PrivacyPolicyCell.swift */,
				BF6C449F251CC5C400D85E58 /* TnCCell.swift */,
				BF6C44A5251CCFAB00D85E58 /* CancellationCell.swift */,
				BF6C44AC251DCB3900D85E58 /* AskQuestionTableViewCell.swift */,
				BF16BF79251F513500D6BE6F /* ServiceListTableViewCell.swift */,
				BF3619542520BCE90013709C /* ServiceDetailTableViewCell.swift */,
				BFE67A722521B66D0024FAA9 /* ProductItemCell.swift */,
				BF371E092524713600B6D018 /* BookServiceTableViewCell.swift */,
				BF33197A2568EF7C00123E81 /* NewRegisterTableViewCell.swift */,
			);
			path = CELL;
			sourceTree = "<group>";
		};
		BF1D97F1250F8D4C00446CA8 /* Resource */ = {
			isa = PBXGroup;
			children = (
				BF7C7DC7253F2467001B9D0F /* logo.png */,
				BF2DE4502526F00400F807A9 /* CHAT */,
				BFF3561025221F82003C9E07 /* sc */,
				BF1D97F2250F8D5900446CA8 /* Constant.swift */,
				BF5569182519C88000C3E4BA /* AppExtension.swift */,
			);
			path = Resource;
			sourceTree = "<group>";
		};
		BF2DE4502526F00400F807A9 /* CHAT */ = {
			isa = PBXGroup;
			children = (
				BF2DE4602526F2AE00F807A9 /* en.lproj */,
				BF2DE4682526F2CE00F807A9 /* ru.lproj */,
				BF2DE4512526F03600F807A9 /* ChatController.h */,
				BF2DE4532526F03600F807A9 /* ChatController.m */,
				BF2DE4522526F03600F807A9 /* JivoSdk.h */,
				BF2DE4542526F03600F807A9 /* JivoSdk.m */,
			);
			path = CHAT;
			sourceTree = "<group>";
		};
		BF2DE4602526F2AE00F807A9 /* en.lproj */ = {
			isa = PBXGroup;
			children = (
				BF2DE4612526F2AE00F807A9 /* Localizable.strings */,
				BF2DE4632526F2AE00F807A9 /* InfoPlist.strings */,
			);
			path = en.lproj;
			sourceTree = "<group>";
		};
		BF2DE4682526F2CE00F807A9 /* ru.lproj */ = {
			isa = PBXGroup;
			children = (
				BF2DE4692526F2CE00F807A9 /* Localizable.strings */,
				BF2DE46B2526F2CE00F807A9 /* InfoPlist.strings */,
			);
			path = ru.lproj;
			sourceTree = "<group>";
		};
		BF3619572520F5A20013709C /* Model */ = {
			isa = PBXGroup;
			children = (
				BF3619582520F5C80013709C /* ProductInfo.swift */,
				BFE67A6F2521AAF50024FAA9 /* CartModel.swift */,
				BF2D594D25235FD900AE0B2E /* ProductDetailsModel.swift */,
				BF2D59532523819200AE0B2E /* OrderModel.swift */,
				BF2D279B2525A25800A492FD /* ServiceOrderModel.swift */,
			);
			path = Model;
			sourceTree = "<group>";
		};
		BF527171250E39BC00BD60D2 /* Network */ = {
			isa = PBXGroup;
			children = (
				BF527172250E39D900BD60D2 /* APIClient.swift */,
				BF42BC8F2515E9430064F0C9 /* ServiceClient.swift */,
			);
			path = Network;
			sourceTree = "<group>";
		};
		BF6C44D9251E48F800D85E58 /* Page Controller */ = {
			isa = PBXGroup;
			children = (
				BF6C44DA251E491C00D85E58 /* ProductHome.storyboard */,
				BF6C44DD251E4A3D00D85E58 /* ProductHomeViewController.swift */,
				BF6C44E2251E4CD700D85E58 /* EmbedContainerViewController.swift */,
				BF6C44E5251E4D2A00D85E58 /* ProdcutListViewController.swift */,
				BF6C4505251E510200D85E58 /* ProductContainerViewController.swift */,
				BF6C4509251E521400D85E58 /* SegmentioBuilder.swift */,
				BFE67A6C2521A9740024FAA9 /* ProductCartViewController.swift */,
				BFF3561625223EB6003C9E07 /* ConfirmAddressViewController.swift */,
				BFF3562B25224F0D003C9E07 /* PlaceOrderViewController.swift */,
				BF2E139C252310B6009DB671 /* SearchProductViewController.swift */,
				BF2D594A252355C800AE0B2E /* ProductDetailViewController.swift */,
			);
			path = "Page Controller";
			sourceTree = "<group>";
		};
		BF786714250CF37900D8D17E /* Images */ = {
			isa = PBXGroup;
			children = (
				BF2DE44A2526E72D00F807A9 /* appstore.png */,
				BF2E139325230634009DB671 /* empty_cart.png */,
				BF42BC8D2515D8730064F0C9 /* down-arrow.png */,
				BF2E1399252308D2009DB671 /* no_data_found.png */,
				BF786715250CF6C100D8D17E /* medicine.jpeg */,
			);
			path = Images;
			sourceTree = "<group>";
		};
		BFBA34E2250CE907004C37C2 = {
			isa = PBXGroup;
			children = (
				BF2DE48B2527062300F807A9 /* html */,
				BFBA34ED250CE908004C37C2 /* KmsVets */,
				BFBA34EC250CE907004C37C2 /* Products */,
				64F66F173EDD724A750FEEE1 /* Pods */,
				01936EFF2E560045EC58F1CC /* Frameworks */,
			);
			sourceTree = "<group>";
		};
		BFBA34EC250CE907004C37C2 /* Products */ = {
			isa = PBXGroup;
			children = (
				BFBA34EB250CE907004C37C2 /* KMS Vets.app */,
			);
			name = Products;
			sourceTree = "<group>";
		};
		BFBA34ED250CE908004C37C2 /* KmsVets */ = {
			isa = PBXGroup;
			children = (
				BF1D97F1250F8D4C00446CA8 /* Resource */,
				BF527171250E39BC00BD60D2 /* Network */,
				BF786714250CF37900D8D17E /* Images */,
				BFBA3503250CEA0B004C37C2 /* Screens */,
				BFBA3502250CE9FC004C37C2 /* Storyboard */,
				BFBA34EE250CE908004C37C2 /* AppDelegate.swift */,
				BFBA34F7250CE909004C37C2 /* Assets.xcassets */,
				BFBA34F9250CE909004C37C2 /* LaunchScreen.storyboard */,
				BFBA34FC250CE909004C37C2 /* Info.plist */,
			);
			path = KmsVets;
			sourceTree = "<group>";
		};
		BFBA3502250CE9FC004C37C2 /* Storyboard */ = {
			isa = PBXGroup;
			children = (
				BFBA34F4250CE908004C37C2 /* Main.storyboard */,
			);
			path = Storyboard;
			sourceTree = "<group>";
		};
		BFBA3503250CEA0B004C37C2 /* Screens */ = {
			isa = PBXGroup;
			children = (
				BF3619572520F5A20013709C /* Model */,
				BF16BF8F251F673300D6BE6F /* PAYU */,
				BF16BF8D251F66EB00D6BE6F /* ViewController */,
				BF6C44D9251E48F800D85E58 /* Page Controller */,
				BF02B5352511E61E0076B05E /* SideMenu */,
				BF1D97EE250F8BA200446CA8 /* CELL */,
				BF371E212524E95A00B6D018 /* MyCalenderViewController.swift */,
				BF371E222524E95A00B6D018 /* MyCalenderViewController.xib */,
			);
			path = Screens;
			sourceTree = "<group>";
		};
		BFF3561025221F82003C9E07 /* sc */ = {
			isa = PBXGroup;
			children = (
				BFF3561125221F82003C9E07 /* CustomImageCollectionViewCell.swift */,
				BFF3561225221F82003C9E07 /* BJAutoScrollingCollectionView.swift */,
			);
			path = sc;
			sourceTree = "<group>";
		};
/* End PBXGroup section */

/* Begin PBXNativeTarget section */
		BFBA34EA250CE907004C37C2 /* KmsVets */ = {
			isa = PBXNativeTarget;
			buildConfigurationList = BFBA34FF250CE909004C37C2 /* Build configuration list for PBXNativeTarget "KmsVets" */;
			buildPhases = (
				1591ED9CF7A6C78A467F6A7F /* [CP] Check Pods Manifest.lock */,
				BFBA34E7250CE907004C37C2 /* Sources */,
				BFBA34E8250CE907004C37C2 /* Frameworks */,
				BFBA34E9250CE907004C37C2 /* Resources */,
				58B50913A50CB17E5123DFE6 /* [CP] Embed Pods Frameworks */,
			);
			buildRules = (
			);
			dependencies = (
			);
			name = KmsVets;
			productName = KmsVets;
			productReference = BFBA34EB250CE907004C37C2 /* KMS Vets.app */;
			productType = "com.apple.product-type.application";
		};
/* End PBXNativeTarget section */

/* Begin PBXProject section */
		BFBA34E3250CE907004C37C2 /* Project object */ = {
			isa = PBXProject;
			attributes = {
				LastSwiftUpdateCheck = 1170;
				LastUpgradeCheck = 1170;
				ORGANIZATIONNAME = Shikha;
				TargetAttributes = {
					BFBA34EA250CE907004C37C2 = {
						CreatedOnToolsVersion = 11.7;
						LastSwiftMigration = 1200;
					};
				};
			};
			buildConfigurationList = BFBA34E6250CE907004C37C2 /* Build configuration list for PBXProject "KmsVets" */;
			compatibilityVersion = "Xcode 9.3";
			developmentRegion = en;
			hasScannedForEncodings = 0;
			knownRegions = (
				en,
				Base,
				de,
				he,
				en_AU,
				ar,
				el,
				ja,
				uk,
				es_419,
				es_MX,
				zh_CN,
				nb,
				es,
				pt_BR,
				da,
				it,
				sk,
				pt_PT,
				ms,
				sv,
				cs,
				en_IN,
				ko,
				hu,
				zh_HK,
				tr,
				pl,
				zh_TW,
				en_GB,
				vi,
				ru,
				fr_CA,
				fr,
				fi,
				id,
				nl,
				th,
				pt,
				ro,
				hr,
				hi,
				ca,
				ur,
				"es-SV",
				"zh-Hant-TW",
				"zh-Hans",
				fa,
				mr,
				"es-GT",
				"en-CA",
				"es-PY",
				gu,
				kn,
				"es-US",
				"en-GB",
				"es-VE",
				"es-CL",
				sl,
				"es-419",
				bg,
				"sr-Latn",
				"nn-NO",
				"es-PA",
				"en-SG",
				sr,
				"es-CR",
				ta,
				"es-AR",
				"es-PE",
				"en-IE",
				fil,
				"zh-Hant",
				"es-CO",
				gsw,
				"en-ZA",
				"es-PR",
				"de-AT",
				"en-AU",
				"pt-BR",
				lv,
				"es-MX",
				lt,
				"es-DO",
				"fr-CH",
				"es-NI",
				"de-CH",
				bn,
				"es-EC",
				"pt-PT",
				"es-BO",
				ln,
				"es-UY",
				"es-HN",
				zh,
				"en-IN",
				"zh-HK",
				mt,
				"fr-CA",
			);
			mainGroup = BFBA34E2250CE907004C37C2;
			productRefGroup = BFBA34EC250CE907004C37C2 /* Products */;
			projectDirPath = "";
			projectRoot = "";
			targets = (
				BFBA34EA250CE907004C37C2 /* KmsVets */,
			);
		};
/* End PBXProject section */

/* Begin PBXResourcesBuildPhase section */
		BFBA34E9250CE907004C37C2 /* Resources */ = {
			isa = PBXResourcesBuildPhase;
			buildActionMask = 2147483647;
			files = (
				BF2DE4652526F2AE00F807A9 /* Localizable.strings in Resources */,
				BF6C44DB251E491C00D85E58 /* ProductHome.storyboard in Resources */,
				BF7C7DC8253F2467001B9D0F /* logo.png in Resources */,
				BFBA34FB250CE909004C37C2 /* LaunchScreen.storyboard in Resources */,
				BF42BC8E2515D8730064F0C9 /* down-arrow.png in Resources */,
				BF2DE44B2526E72D00F807A9 /* appstore.png in Resources */,
				BF2DE4662526F2AE00F807A9 /* InfoPlist.strings in Resources */,
				BF2DE48C2527062300F807A9 /* html in Resources */,
				BF02B5342511E42A0076B05E /* SideMenu.storyboard in Resources */,
				BF2DE46E2526F2CE00F807A9 /* InfoPlist.strings in Resources */,
				BFBA34F8250CE909004C37C2 /* Assets.xcassets in Resources */,
				BFBA34F6250CE908004C37C2 /* Main.storyboard in Resources */,
				BF786716250CF6C100D8D17E /* medicine.jpeg in Resources */,
				BF371E242524E95B00B6D018 /* MyCalenderViewController.xib in Resources */,
				BF2E139A252308D2009DB671 /* no_data_found.png in Resources */,
				BF2DE46D2526F2CE00F807A9 /* Localizable.strings in Resources */,
				BF2EA0F2251F816900BAB963 /* Payment.storyboard in Resources */,
				BF2E139425230634009DB671 /* empty_cart.png in Resources */,
			);
			runOnlyForDeploymentPostprocessing = 0;
		};
/* End PBXResourcesBuildPhase section */

/* Begin PBXShellScriptBuildPhase section */
		1591ED9CF7A6C78A467F6A7F /* [CP] Check Pods Manifest.lock */ = {
			isa = PBXShellScriptBuildPhase;
			buildActionMask = 2147483647;
			files = (
			);
			inputFileListPaths = (
			);
			inputPaths = (
				"${PODS_PODFILE_DIR_PATH}/Podfile.lock",
				"${PODS_ROOT}/Manifest.lock",
			);
			name = "[CP] Check Pods Manifest.lock";
			outputFileListPaths = (
			);
			outputPaths = (
				"$(DERIVED_FILE_DIR)/Pods-KmsVets-checkManifestLockResult.txt",
			);
			runOnlyForDeploymentPostprocessing = 0;
			shellPath = /bin/sh;
			shellScript = "diff \"${PODS_PODFILE_DIR_PATH}/Podfile.lock\" \"${PODS_ROOT}/Manifest.lock\" > /dev/null\nif [ $? != 0 ] ; then\n    # print error to STDERR\n    echo \"error: The sandbox is not in sync with the Podfile.lock. Run 'pod install' or update your CocoaPods installation.\" >&2\n    exit 1\nfi\n# This output is used by Xcode 'outputs' to avoid re-running this script phase.\necho \"SUCCESS\" > \"${SCRIPT_OUTPUT_FILE_0}\"\n";
			showEnvVarsInLog = 0;
		};
		58B50913A50CB17E5123DFE6 /* [CP] Embed Pods Frameworks */ = {
			isa = PBXShellScriptBuildPhase;
			buildActionMask = 2147483647;
			files = (
			);
			inputFileListPaths = (
				"${PODS_ROOT}/Target Support Files/Pods-KmsVets/Pods-KmsVets-frameworks-${CONFIGURATION}-input-files.xcfilelist",
			);
			name = "[CP] Embed Pods Frameworks";
			outputFileListPaths = (
				"${PODS_ROOT}/Target Support Files/Pods-KmsVets/Pods-KmsVets-frameworks-${CONFIGURATION}-output-files.xcfilelist",
			);
			runOnlyForDeploymentPostprocessing = 0;
			shellPath = /bin/sh;
			shellScript = "\"${PODS_ROOT}/Target Support Files/Pods-KmsVets/Pods-KmsVets-frameworks.sh\"\n";
			showEnvVarsInLog = 0;
		};
/* End PBXShellScriptBuildPhase section */

/* Begin PBXSourcesBuildPhase section */
		BFBA34E7250CE907004C37C2 /* Sources */ = {
			isa = PBXSourcesBuildPhase;
			buildActionMask = 2147483647;
			files = (
				BFE67A732521B66D0024FAA9 /* ProductItemCell.swift in Sources */,
				BF2D27B72525F9FF00A492FD /* QuestionHistoryViewController.swift in Sources */,
				BF1D97F0250F8BCA00446CA8 /* CustomerInformationCell.swift in Sources */,
				BF16BF7A251F513500D6BE6F /* ServiceListTableViewCell.swift in Sources */,
				BFF3561425221F82003C9E07 /* BJAutoScrollingCollectionView.swift in Sources */,
				BF6C44A3251CCEAB00D85E58 /* CancellationAndRefundViewController.swift in Sources */,
				BFF3562C25224F0D003C9E07 /* PlaceOrderViewController.swift in Sources */,
				BF1D97F3250F8D5900446CA8 /* Constant.swift in Sources */,
				BF02B53B2511EF1A0076B05E /* HomeCollCell.swift in Sources */,
				BF2EA0F8251FA8D900BAB963 /* TransactionSuccessViewController.swift in Sources */,
				BF5569192519C88000C3E4BA /* AppExtension.swift in Sources */,
				BF3319742568EB1F00123E81 /* RegisterViewController.swift in Sources */,
				BF6C44DE251E4A3D00D85E58 /* ProductHomeViewController.swift in Sources */,
				BF2D8F7C251B8B3100641058 /* AboutUsViewController.swift in Sources */,
				BF6C44A0251CC5C400D85E58 /* TnCCell.swift in Sources */,
				BF6C44E6251E4D2A00D85E58 /* ProdcutListViewController.swift in Sources */,
				BF786711250CEF8900D8D17E /* LoginViewController.swift in Sources */,
				BF17C21F25188F130000D5C3 /* BookingForSurgeryViewController.swift in Sources */,
				BF6C450A251E521400D85E58 /* SegmentioBuilder.swift in Sources */,
				BF2DE4562526F03600F807A9 /* JivoSdk.m in Sources */,
				BF2D594E25235FD900AE0B2E /* ProductDetailsModel.swift in Sources */,
				BF371E0A2524713600B6D018 /* BookServiceTableViewCell.swift in Sources */,
				BF3619592520F5C80013709C /* ProductInfo.swift in Sources */,
				BFE67A702521AAF50024FAA9 /* CartModel.swift in Sources */,
				BF2E139D252310B6009DB671 /* SearchProductViewController.swift in Sources */,
				BF36194E2520B72F0013709C /* ServiceDetailViewController.swift in Sources */,
				BF527173250E39D900BD60D2 /* APIClient.swift in Sources */,
				BF2D279F2525A6BB00A492FD /* ServiceOrderDetailViewController.swift in Sources */,
				BF02B5372511E62C0076B05E /* SideMenuViewController.swift in Sources */,
				BF6C44AD251DCB3900D85E58 /* AskQuestionTableViewCell.swift in Sources */,
				BF6C4494251C819D00D85E58 /* FAQViewController.swift in Sources */,
				BFBA34F3250CE908004C37C2 /* BaseViewController.swift in Sources */,
				BF42BC902515E9430064F0C9 /* ServiceClient.swift in Sources */,
				BF371E0D2524BAB800B6D018 /* ServicePlaceOrderViewController.swift in Sources */,
				BF6C4497251CBDC400D85E58 /* PrivacyPolicyViewController.swift in Sources */,
				BF6C4506251E510200D85E58 /* ProductContainerViewController.swift in Sources */,
				BF2EA0F5251F81E700BAB963 /* PaymentViewController.swift in Sources */,
				BF2D279C2525A25800A492FD /* ServiceOrderModel.swift in Sources */,
				BF8D0D1F2514C05300373096 /* NewPuppyHistoryViewController.swift in Sources */,
				BF2D279925259D2200A492FD /* ServiceOrderViewController.swift in Sources */,
				BF2D594B252355C800AE0B2E /* ProductDetailViewController.swift in Sources */,
				BF17C2212518944E0000D5C3 /* BookinfForSurgeryTableViewCell.swift in Sources */,
				BF1D97F7250F9EFA00446CA8 /* MyChartViewController.swift in Sources */,
				BF556926251A08D600C3E4BA /* BookingSurgeryHistoryViewController.swift in Sources */,
				BF33197B2568EF7C00123E81 /* NewRegisterTableViewCell.swift in Sources */,
				BF2D27A22525B59A00A492FD /* OrderDetailViewController.swift in Sources */,
				BF32E92F25147FA600E154D3 /* ProfileViewTableViewCell.swift in Sources */,
				BFF3561325221F82003C9E07 /* CustomImageCollectionViewCell.swift in Sources */,
				BFBA34EF250CE908004C37C2 /* AppDelegate.swift in Sources */,
				BF3319712568E91700123E81 /* ResetPasswordViewController.swift in Sources */,
				BF2D8F82251B9DBB00641058 /* SuggestionTableViewCell.swift in Sources */,
				BF02B53A2511EF1A0076B05E /* BannerCollCell.swift in Sources */,
				BF2DE4552526F03600F807A9 /* ChatController.m in Sources */,
				BF527170250E1F1900BD60D2 /* GetOTPViewController.swift in Sources */,
				BF2D59542523819200AE0B2E /* OrderModel.swift in Sources */,
				BF2EA12C251FB7A400BAB963 /* PayUServiceHelper.m in Sources */,
				BF6C44A6251CCFAB00D85E58 /* CancellationCell.swift in Sources */,
				BF32E9512514B34200E154D3 /* BookingNewPuppyViewController.swift in Sources */,
				BF3619552520BCE90013709C /* ServiceDetailTableViewCell.swift in Sources */,
				BF6C44AA251DC33700D85E58 /* AskingQuestionViewController.swift in Sources */,
				BF2D595125237A3400AE0B2E /* OrderViewController.swift in Sources */,
				BF371E0725245A5500B6D018 /* BookServiceViewController.swift in Sources */,
				BF371E232524E95B00B6D018 /* MyCalenderViewController.swift in Sources */,
				BF6C44E3251E4CD700D85E58 /* EmbedContainerViewController.swift in Sources */,
				BFBA3505250CEC13004C37C2 /* HomeViewController.swift in Sources */,
				BF3319652568E50700123E81 /* ForgotPasswordViewController.swift in Sources */,
				BF27A1E5251337E500F4AA65 /* ProfileViewController.swift in Sources */,
				BF786713250CEFBE00D8D17E /* SplashViewController.swift in Sources */,
				BF1D97ED250F675A00446CA8 /* CustomerBasicInfoViewController.swift in Sources */,
				BF2D8F7F251B9D9D00641058 /* SuggestionViewController.swift in Sources */,
				BF3319622568E0C100123E81 /* NewLoginViewController.swift in Sources */,
				BF6C449A251CBED900D85E58 /* PrivacyPolicyCell.swift in Sources */,
				BF8D0D212514C16800373096 /* NewPuppyHistoryTableViewCell.swift in Sources */,
				BF556929251A08F700C3E4BA /* BookingSurgeryHistoryTableViewCell.swift in Sources */,
				BF6C4491251C813F00D85E58 /* FAQCell.swift in Sources */,
				BF32E9532514B35A00E154D3 /* BookingNewPuppyTableViewCell.swift in Sources */,
				BF6C449D251CC4A700D85E58 /* TermsAndConditionsViewController.swift in Sources */,
				BF6C44B4251E367C00D85E58 /* ServicesListViewController.swift in Sources */,
				BFF3561725223EB6003C9E07 /* ConfirmAddressViewController.swift in Sources */,
				BFE67A6D2521A9740024FAA9 /* ProductCartViewController.swift in Sources */,
				BF556938251A28B500C3E4BA /* ContactUsViewController.swift in Sources */,
			);
			runOnlyForDeploymentPostprocessing = 0;
		};
/* End PBXSourcesBuildPhase section */

/* Begin PBXVariantGroup section */
		BF2DE4612526F2AE00F807A9 /* Localizable.strings */ = {
			isa = PBXVariantGroup;
			children = (
				BF2DE4622526F2AE00F807A9 /* en */,
			);
			name = Localizable.strings;
			sourceTree = "<group>";
		};
		BF2DE4632526F2AE00F807A9 /* InfoPlist.strings */ = {
			isa = PBXVariantGroup;
			children = (
				BF2DE4642526F2AE00F807A9 /* en */,
			);
			name = InfoPlist.strings;
			sourceTree = "<group>";
		};
		BF2DE4692526F2CE00F807A9 /* Localizable.strings */ = {
			isa = PBXVariantGroup;
			children = (
				BF2DE46A2526F2CE00F807A9 /* ru */,
			);
			name = Localizable.strings;
			sourceTree = "<group>";
		};
		BF2DE46B2526F2CE00F807A9 /* InfoPlist.strings */ = {
			isa = PBXVariantGroup;
			children = (
				BF2DE46C2526F2CE00F807A9 /* ru */,
			);
			name = InfoPlist.strings;
			sourceTree = "<group>";
		};
		BFBA34F4250CE908004C37C2 /* Main.storyboard */ = {
			isa = PBXVariantGroup;
			children = (
				BFBA34F5250CE908004C37C2 /* Base */,
			);
			name = Main.storyboard;
			sourceTree = "<group>";
		};
		BFBA34F9250CE909004C37C2 /* LaunchScreen.storyboard */ = {
			isa = PBXVariantGroup;
			children = (
				BFBA34FA250CE909004C37C2 /* Base */,
			);
			name = LaunchScreen.storyboard;
			sourceTree = "<group>";
		};
/* End PBXVariantGroup section */

/* Begin XCBuildConfiguration section */
		BFBA34FD250CE909004C37C2 /* Debug */ = {
			isa = XCBuildConfiguration;
			buildSettings = {
				ALWAYS_SEARCH_USER_PATHS = NO;
				CLANG_ANALYZER_NONNULL = YES;
				CLANG_ANALYZER_NUMBER_OBJECT_CONVERSION = YES_AGGRESSIVE;
				CLANG_CXX_LANGUAGE_STANDARD = "gnu++14";
				CLANG_CXX_LIBRARY = "libc++";
				CLANG_ENABLE_MODULES = YES;
				CLANG_ENABLE_OBJC_ARC = YES;
				CLANG_ENABLE_OBJC_WEAK = YES;
				CLANG_WARN_BLOCK_CAPTURE_AUTORELEASING = YES;
				CLANG_WARN_BOOL_CONVERSION = YES;
				CLANG_WARN_COMMA = YES;
				CLANG_WARN_CONSTANT_CONVERSION = YES;
				CLANG_WARN_DEPRECATED_OBJC_IMPLEMENTATIONS = YES;
				CLANG_WARN_DIRECT_OBJC_ISA_USAGE = YES_ERROR;
				CLANG_WARN_DOCUMENTATION_COMMENTS = YES;
				CLANG_WARN_EMPTY_BODY = YES;
				CLANG_WARN_ENUM_CONVERSION = YES;
				CLANG_WARN_INFINITE_RECURSION = YES;
				CLANG_WARN_INT_CONVERSION = YES;
				CLANG_WARN_NON_LITERAL_NULL_CONVERSION = YES;
				CLANG_WARN_OBJC_IMPLICIT_RETAIN_SELF = YES;
				CLANG_WARN_OBJC_LITERAL_CONVERSION = YES;
				CLANG_WARN_OBJC_ROOT_CLASS = YES_ERROR;
				CLANG_WARN_RANGE_LOOP_ANALYSIS = YES;
				CLANG_WARN_STRICT_PROTOTYPES = YES;
				CLANG_WARN_SUSPICIOUS_MOVE = YES;
				CLANG_WARN_UNGUARDED_AVAILABILITY = YES_AGGRESSIVE;
				CLANG_WARN_UNREACHABLE_CODE = YES;
				CLANG_WARN__DUPLICATE_METHOD_MATCH = YES;
				COPY_PHASE_STRIP = NO;
				DEBUG_INFORMATION_FORMAT = dwarf;
				ENABLE_STRICT_OBJC_MSGSEND = YES;
				ENABLE_TESTABILITY = YES;
				GCC_C_LANGUAGE_STANDARD = gnu11;
				GCC_DYNAMIC_NO_PIC = NO;
				GCC_NO_COMMON_BLOCKS = YES;
				GCC_OPTIMIZATION_LEVEL = 0;
				GCC_PREPROCESSOR_DEFINITIONS = (
					"DEBUG=1",
					"$(inherited)",
				);
				GCC_WARN_64_TO_32_BIT_CONVERSION = YES;
				GCC_WARN_ABOUT_RETURN_TYPE = YES_ERROR;
				GCC_WARN_UNDECLARED_SELECTOR = YES;
				GCC_WARN_UNINITIALIZED_AUTOS = YES_AGGRESSIVE;
				GCC_WARN_UNUSED_FUNCTION = YES;
				GCC_WARN_UNUSED_VARIABLE = YES;
				IPHONEOS_DEPLOYMENT_TARGET = 13.0;
				MTL_ENABLE_DEBUG_INFO = INCLUDE_SOURCE;
				MTL_FAST_MATH = YES;
				ONLY_ACTIVE_ARCH = YES;
				SDKROOT = iphoneos;
				SWIFT_ACTIVE_COMPILATION_CONDITIONS = DEBUG;
				SWIFT_OPTIMIZATION_LEVEL = "-Onone";
			};
			name = Debug;
		};
		BFBA34FE250CE909004C37C2 /* Release */ = {
			isa = XCBuildConfiguration;
			buildSettings = {
				ALWAYS_SEARCH_USER_PATHS = NO;
				CLANG_ANALYZER_NONNULL = YES;
				CLANG_ANALYZER_NUMBER_OBJECT_CONVERSION = YES_AGGRESSIVE;
				CLANG_CXX_LANGUAGE_STANDARD = "gnu++14";
				CLANG_CXX_LIBRARY = "libc++";
				CLANG_ENABLE_MODULES = YES;
				CLANG_ENABLE_OBJC_ARC = YES;
				CLANG_ENABLE_OBJC_WEAK = YES;
				CLANG_WARN_BLOCK_CAPTURE_AUTORELEASING = YES;
				CLANG_WARN_BOOL_CONVERSION = YES;
				CLANG_WARN_COMMA = YES;
				CLANG_WARN_CONSTANT_CONVERSION = YES;
				CLANG_WARN_DEPRECATED_OBJC_IMPLEMENTATIONS = YES;
				CLANG_WARN_DIRECT_OBJC_ISA_USAGE = YES_ERROR;
				CLANG_WARN_DOCUMENTATION_COMMENTS = YES;
				CLANG_WARN_EMPTY_BODY = YES;
				CLANG_WARN_ENUM_CONVERSION = YES;
				CLANG_WARN_INFINITE_RECURSION = YES;
				CLANG_WARN_INT_CONVERSION = YES;
				CLANG_WARN_NON_LITERAL_NULL_CONVERSION = YES;
				CLANG_WARN_OBJC_IMPLICIT_RETAIN_SELF = YES;
				CLANG_WARN_OBJC_LITERAL_CONVERSION = YES;
				CLANG_WARN_OBJC_ROOT_CLASS = YES_ERROR;
				CLANG_WARN_RANGE_LOOP_ANALYSIS = YES;
				CLANG_WARN_STRICT_PROTOTYPES = YES;
				CLANG_WARN_SUSPICIOUS_MOVE = YES;
				CLANG_WARN_UNGUARDED_AVAILABILITY = YES_AGGRESSIVE;
				CLANG_WARN_UNREACHABLE_CODE = YES;
				CLANG_WARN__DUPLICATE_METHOD_MATCH = YES;
				COPY_PHASE_STRIP = NO;
				DEBUG_INFORMATION_FORMAT = "dwarf-with-dsym";
				ENABLE_NS_ASSERTIONS = NO;
				ENABLE_STRICT_OBJC_MSGSEND = YES;
				GCC_C_LANGUAGE_STANDARD = gnu11;
				GCC_NO_COMMON_BLOCKS = YES;
				GCC_WARN_64_TO_32_BIT_CONVERSION = YES;
				GCC_WARN_ABOUT_RETURN_TYPE = YES_ERROR;
				GCC_WARN_UNDECLARED_SELECTOR = YES;
				GCC_WARN_UNINITIALIZED_AUTOS = YES_AGGRESSIVE;
				GCC_WARN_UNUSED_FUNCTION = YES;
				GCC_WARN_UNUSED_VARIABLE = YES;
				IPHONEOS_DEPLOYMENT_TARGET = 13.0;
				MTL_ENABLE_DEBUG_INFO = NO;
				MTL_FAST_MATH = YES;
				SDKROOT = iphoneos;
				SWIFT_COMPILATION_MODE = wholemodule;
				SWIFT_OPTIMIZATION_LEVEL = "-O";
				VALIDATE_PRODUCT = YES;
			};
			name = Release;
		};
		BFBA3500250CE909004C37C2 /* Debug */ = {
			isa = XCBuildConfiguration;
			baseConfigurationReference = 20DCC6962A596A72E0E79C77 /* Pods-KmsVets.debug.xcconfig */;
			buildSettings = {
				ASSETCATALOG_COMPILER_APPICON_NAME = AppIcon;
				CLANG_ENABLE_MODULES = YES;
				CODE_SIGN_IDENTITY = "Apple Development";
				CODE_SIGN_STYLE = Automatic;
				CURRENT_PROJECT_VERSION = 1;
				DEVELOPMENT_TEAM = TQSNJXDVPJ;
				FRAMEWORK_SEARCH_PATHS = (
					"$(inherited)",
					"$(PROJECT_DIR)/KmsVets/Resource/AutoScroll/Desktop/Paysfer_ecommerce26sept/Paysfer/Pods/GooglePlaces/Frameworks",
					"$(PROJECT_DIR)/KmsVets/Resource/AutoScroll/Desktop/Paysfer_ecommerce26sept/Paysfer/Pods/GoogleMaps/Maps/Frameworks",
					"$(PROJECT_DIR)/KmsVets/Resource/AutoScroll/Desktop/Paysfer_ecommerce26sept/Paysfer/Pods/GoogleMaps/Base/Frameworks",
					"$(PROJECT_DIR)/KmsVets/Resource/AutoScroll/Desktop/Paysfer_ecommerce26sept/Paysfer/Pods/GoogleSignIn/Frameworks",
				);
				INFOPLIST_FILE = KmsVets/Info.plist;
				LD_RUNPATH_SEARCH_PATHS = (
					"$(inherited)",
					"@executable_path/Frameworks",
				);
				LIBRARY_SEARCH_PATHS = (
					"$(inherited)",
					"$(PROJECT_DIR)/KmsVets/Resource/AutoScroll/Desktop/Paysfer_ecommerce26sept/Paysfer/Pods/Stripe/InternalFrameworks",
					"$(PROJECT_DIR)/KmsVets/Resource/AutoScroll/Desktop/StripeGateway/Pods/Stripe/InternalFrameworks",
				);
				MARKETING_VERSION = 1.0;
				PRODUCT_BUNDLE_IDENTIFIER = com.wisdomclinic.kmsvets;
				PRODUCT_NAME = "KMS Vets";
				PROVISIONING_PROFILE_SPECIFIER = "";
				SWIFT_OBJC_BRIDGING_HEADER = "KmsVets/Screens/PAYU/KmsVets-Bridging-Header.h";
				SWIFT_OPTIMIZATION_LEVEL = "-Onone";
				SWIFT_VERSION = 5.0;
				TARGETED_DEVICE_FAMILY = "1,2";
			};
			name = Debug;
		};
		BFBA3501250CE909004C37C2 /* Release */ = {
			isa = XCBuildConfiguration;
			baseConfigurationReference = 28FF4657877655ECD4FA515F /* Pods-KmsVets.release.xcconfig */;
			buildSettings = {
				ASSETCATALOG_COMPILER_APPICON_NAME = AppIcon;
				CLANG_ENABLE_MODULES = YES;
				CODE_SIGN_IDENTITY = "Apple Development";
				CODE_SIGN_STYLE = Automatic;
				CURRENT_PROJECT_VERSION = 1;
				DEVELOPMENT_TEAM = TQSNJXDVPJ;
				FRAMEWORK_SEARCH_PATHS = (
					"$(inherited)",
					"$(PROJECT_DIR)/KmsVets/Resource/AutoScroll/Desktop/Paysfer_ecommerce26sept/Paysfer/Pods/GooglePlaces/Frameworks",
					"$(PROJECT_DIR)/KmsVets/Resource/AutoScroll/Desktop/Paysfer_ecommerce26sept/Paysfer/Pods/GoogleMaps/Maps/Frameworks",
					"$(PROJECT_DIR)/KmsVets/Resource/AutoScroll/Desktop/Paysfer_ecommerce26sept/Paysfer/Pods/GoogleMaps/Base/Frameworks",
					"$(PROJECT_DIR)/KmsVets/Resource/AutoScroll/Desktop/Paysfer_ecommerce26sept/Paysfer/Pods/GoogleSignIn/Frameworks",
				);
				INFOPLIST_FILE = KmsVets/Info.plist;
				LD_RUNPATH_SEARCH_PATHS = (
					"$(inherited)",
					"@executable_path/Frameworks",
				);
				LIBRARY_SEARCH_PATHS = (
					"$(inherited)",
					"$(PROJECT_DIR)/KmsVets/Resource/AutoScroll/Desktop/Paysfer_ecommerce26sept/Paysfer/Pods/Stripe/InternalFrameworks",
					"$(PROJECT_DIR)/KmsVets/Resource/AutoScroll/Desktop/StripeGateway/Pods/Stripe/InternalFrameworks",
				);
				MARKETING_VERSION = 1.0;
				PRODUCT_BUNDLE_IDENTIFIER = com.wisdomclinic.kmsvets;
				PRODUCT_NAME = "KMS Vets";
				PROVISIONING_PROFILE_SPECIFIER = "";
				SWIFT_OBJC_BRIDGING_HEADER = "KmsVets/Screens/PAYU/KmsVets-Bridging-Header.h";
				SWIFT_VERSION = 5.0;
				TARGETED_DEVICE_FAMILY = "1,2";
			};
			name = Release;
		};
/* End XCBuildConfiguration section */

/* Begin XCConfigurationList section */
		BFBA34E6250CE907004C37C2 /* Build configuration list for PBXProject "KmsVets" */ = {
			isa = XCConfigurationList;
			buildConfigurations = (
				BFBA34FD250CE909004C37C2 /* Debug */,
				BFBA34FE250CE909004C37C2 /* Release */,
			);
			defaultConfigurationIsVisible = 0;
			defaultConfigurationName = Release;
		};
		BFBA34FF250CE909004C37C2 /* Build configuration list for PBXNativeTarget "KmsVets" */ = {
			isa = XCConfigurationList;
			buildConfigurations = (
				BFBA3500250CE909004C37C2 /* Debug */,
				BFBA3501250CE909004C37C2 /* Release */,
			);
			defaultConfigurationIsVisible = 0;
			defaultConfigurationName = Release;
		};
/* End XCConfigurationList section */
	};
	rootObject = BFBA34E3250CE907004C37C2 /* Project object */;
}
